
Microsoft Visual Studio Solution File, Format Version 12.00
# Visual Studio Version 16
VisualStudioVersion = 16.0.31112.23
MinimumVisualStudioVersion = 10.0.40219.1
Project("{9A19103F-16F7-4668-BE54-9A1E7A4F7556}") = "ZFileServer", "NetCoreAPi\ZFileServer\ZFileServer\ZFileServer.csproj", "{190BF261-926F-480A-A32C-5B7F1347EAF8}"
EndProject
Project("{9A19103F-16F7-4668-BE54-9A1E7A4F7556}") = "ZFile.Core", "NetCoreAPi\ZFileServer\ZFile.Core\ZFile.Core.csproj", "{795A0791-D7A1-4CE1-96B7-B322DDBE5D05}"
EndProject
Project("{2150E333-8FDC-42A3-9474-1A3956D46DE8}") = "应用公共", "应用公共", "{33194845-24DA-4DE7-B931-5C779FBDBB7D}"
EndProject
Project("{9A19103F-16F7-4668-BE54-9A1E7A4F7556}") = "ZFile.Common", "NetCoreAPi\ZFileServer\ZFile.Common\ZFile.Common.csproj", "{B0A2BA5D-A828-46FA-B104-FB17D0A1B93A}"
EndProject
Project("{2150E333-8FDC-42A3-9474-1A3956D46DE8}") = "应用服务", "应用服务", "{FFDDE889-311B-4EC1-AB73-8110A94B2BCA}"
EndProject
Project("{9A19103F-16F7-4668-BE54-9A1E7A4F7556}") = "ZFile.Service", "NetCoreAPi\ZFileServer\ZFile.Service\ZFile.Service.csproj", "{9A5E037C-46E9-46FE-A819-6C9ED97DE434}"
EndProject
Project("{9A19103F-16F7-4668-BE54-9A1E7A4F7556}") = "ZFile.Extensions", "NetCoreAPi\ZFileServer\ZFile.Extensions\ZFile.Extensions.csproj", "{98C4B851-5DA5-4FDB-976B-4D480CF073DD}"
EndProject
Project("{2150E333-8FDC-42A3-9474-1A3956D46DE8}") = "应用扩展", "应用扩展", "{411904F4-BF64-4B2F-8BBB-8BC01984E04C}"
EndProject
Project("{9A19103F-16F7-4668-BE54-9A1E7A4F7556}") = "ZFileApiServer", "NetCoreAPi\ZFileServer\ZFileApiServer\ZFileApiServer.csproj", "{E60F7954-20EB-457A-9DEC-CFE224542BB3}"
EndProject
Project("{2150E333-8FDC-42A3-9474-1A3956D46DE8}") = "服务端", "服务端", "{56C973F0-D59D-4364-82C5-89128776786E}"
EndProject
Project("{2150E333-8FDC-42A3-9474-1A3956D46DE8}") = "WPF", "WPF", "{1A2F9B23-9E9A-4C7C-AF6B-EFC33FD9EBA0}"
EndProject
Project("{9A19103F-16F7-4668-BE54-9A1E7A4F7556}") = "ZFileWPFClient", "WPF\MyZFileWPFClinet\ZFileWPFClient\ZFileWPFClient.csproj", "{670A9C34-9414-42E6-9CC3-97F3D0A3BADA}"
EndProject
Project("{9A19103F-16F7-4668-BE54-9A1E7A4F7556}") = "WorkModel", "WPF\MyZFileWPFClinet\WorkModel\WorkModel.csproj", "{93AD64E1-B92E-4EAE-AFA0-89A87A4985D8}"
EndProject
Project("{9A19103F-16F7-4668-BE54-9A1E7A4F7556}") = "TranmissionModel", "WPF\MyZFileWPFClinet\TranmissionModel\TranmissionModel.csproj", "{C4319365-78B6-4F16-82A0-BB6E4D2DF7BD}"
EndProject
Project("{2150E333-8FDC-42A3-9474-1A3956D46DE8}") = "Model", "Model", "{58D1F556-66EF-4050-8EAE-48A84AF412A1}"
EndProject
Project("{9A19103F-16F7-4668-BE54-9A1E7A4F7556}") = "HomeModel", "WPF\MyZFileWPFClinet\HomeModel\HomeModel.csproj", "{9607DC24-BD22-4CBD-93C8-7FE309E902F2}"
EndProject
Project("{2150E333-8FDC-42A3-9474-1A3956D46DE8}") = "应用公共", "应用公共", "{ABAABA6E-25B3-42DC-A271-49987E6BAFFB}"
EndProject
Project("{9A19103F-16F7-4668-BE54-9A1E7A4F7556}") = "ZFileComponent", "WPF\MyZFileWPFClinet\ZFileComponent\ZFileComponent.csproj", "{ED7D600B-466C-4E3C-82B8-4616757A7FC6}"
EndProject
Global
	GlobalSection(SolutionConfigurationPlatforms) = preSolution
		Debug|Any CPU = Debug|Any CPU
		Release|Any CPU = Release|Any CPU
	EndGlobalSection
	GlobalSection(ProjectConfigurationPlatforms) = postSolution
		{190BF261-926F-480A-A32C-5B7F1347EAF8}.Debug|Any CPU.ActiveCfg = Debug|Any CPU
		{190BF261-926F-480A-A32C-5B7F1347EAF8}.Debug|Any CPU.Build.0 = Debug|Any CPU
		{190BF261-926F-480A-A32C-5B7F1347EAF8}.Release|Any CPU.ActiveCfg = Release|Any CPU
		{190BF261-926F-480A-A32C-5B7F1347EAF8}.Release|Any CPU.Build.0 = Release|Any CPU
		{795A0791-D7A1-4CE1-96B7-B322DDBE5D05}.Debug|Any CPU.ActiveCfg = Debug|Any CPU
		{795A0791-D7A1-4CE1-96B7-B322DDBE5D05}.Debug|Any CPU.Build.0 = Debug|Any CPU
		{795A0791-D7A1-4CE1-96B7-B322DDBE5D05}.Release|Any CPU.ActiveCfg = Release|Any CPU
		{795A0791-D7A1-4CE1-96B7-B322DDBE5D05}.Release|Any CPU.Build.0 = Release|Any CPU
		{B0A2BA5D-A828-46FA-B104-FB17D0A1B93A}.Debug|Any CPU.ActiveCfg = Debug|Any CPU
		{B0A2BA5D-A828-46FA-B104-FB17D0A1B93A}.Debug|Any CPU.Build.0 = Debug|Any CPU
		{B0A2BA5D-A828-46FA-B104-FB17D0A1B93A}.Release|Any CPU.ActiveCfg = Release|Any CPU
		{B0A2BA5D-A828-46FA-B104-FB17D0A1B93A}.Release|Any CPU.Build.0 = Release|Any CPU
		{9A5E037C-46E9-46FE-A819-6C9ED97DE434}.Debug|Any CPU.ActiveCfg = Debug|Any CPU
		{9A5E037C-46E9-46FE-A819-6C9ED97DE434}.Debug|Any CPU.Build.0 = Debug|Any CPU
		{9A5E037C-46E9-46FE-A819-6C9ED97DE434}.Release|Any CPU.ActiveCfg = Release|Any CPU
		{9A5E037C-46E9-46FE-A819-6C9ED97DE434}.Release|Any CPU.Build.0 = Release|Any CPU
		{98C4B851-5DA5-4FDB-976B-4D480CF073DD}.Debug|Any CPU.ActiveCfg = Debug|Any CPU
		{98C4B851-5DA5-4FDB-976B-4D480CF073DD}.Debug|Any CPU.Build.0 = Debug|Any CPU
		{98C4B851-5DA5-4FDB-976B-4D480CF073DD}.Release|Any CPU.ActiveCfg = Release|Any CPU
		{98C4B851-5DA5-4FDB-976B-4D480CF073DD}.Release|Any CPU.Build.0 = Release|Any CPU
		{E60F7954-20EB-457A-9DEC-CFE224542BB3}.Debug|Any CPU.ActiveCfg = Debug|Any CPU
		{E60F7954-20EB-457A-9DEC-CFE224542BB3}.Debug|Any CPU.Build.0 = Debug|Any CPU
		{E60F7954-20EB-457A-9DEC-CFE224542BB3}.Release|Any CPU.ActiveCfg = Release|Any CPU
		{E60F7954-20EB-457A-9DEC-CFE224542BB3}.Release|Any CPU.Build.0 = Release|Any CPU
		{670A9C34-9414-42E6-9CC3-97F3D0A3BADA}.Debug|Any CPU.ActiveCfg = Debug|Any CPU
		{670A9C34-9414-42E6-9CC3-97F3D0A3BADA}.Debug|Any CPU.Build.0 = Debug|Any CPU
		{670A9C34-9414-42E6-9CC3-97F3D0A3BADA}.Release|Any CPU.ActiveCfg = Release|Any CPU
		{670A9C34-9414-42E6-9CC3-97F3D0A3BADA}.Release|Any CPU.Build.0 = Release|Any CPU
		{93AD64E1-B92E-4EAE-AFA0-89A87A4985D8}.Debug|Any CPU.ActiveCfg = Debug|Any CPU
		{93AD64E1-B92E-4EAE-AFA0-89A87A4985D8}.Debug|Any CPU.Build.0 = Debug|Any CPU
		{93AD64E1-B92E-4EAE-AFA0-89A87A4985D8}.Release|Any CPU.ActiveCfg = Release|Any CPU
		{93AD64E1-B92E-4EAE-AFA0-89A87A4985D8}.Release|Any CPU.Build.0 = Release|Any CPU
		{C4319365-78B6-4F16-82A0-BB6E4D2DF7BD}.Debug|Any CPU.ActiveCfg = Debug|Any CPU
		{C4319365-78B6-4F16-82A0-BB6E4D2DF7BD}.Debug|Any CPU.Build.0 = Debug|Any CPU
		{C4319365-78B6-4F16-82A0-BB6E4D2DF7BD}.Release|Any CPU.ActiveCfg = Release|Any CPU
		{C4319365-78B6-4F16-82A0-BB6E4D2DF7BD}.Release|Any CPU.Build.0 = Release|Any CPU
		{9607DC24-BD22-4CBD-93C8-7FE309E902F2}.Debug|Any CPU.ActiveCfg = Debug|Any CPU
		{9607DC24-BD22-4CBD-93C8-7FE309E902F2}.Debug|Any CPU.Build.0 = Debug|Any CPU
		{9607DC24-BD22-4CBD-93C8-7FE309E902F2}.Release|Any CPU.ActiveCfg = Release|Any CPU
		{9607DC24-BD22-4CBD-93C8-7FE309E902F2}.Release|Any CPU.Build.0 = Release|Any CPU
		{ED7D600B-466C-4E3C-82B8-4616757A7FC6}.Debug|Any CPU.ActiveCfg = Debug|Any CPU
		{ED7D600B-466C-4E3C-82B8-4616757A7FC6}.Debug|Any CPU.Build.0 = Debug|Any CPU
		{ED7D600B-466C-4E3C-82B8-4616757A7FC6}.Release|Any CPU.ActiveCfg = Release|Any CPU
		{ED7D600B-466C-4E3C-82B8-4616757A7FC6}.Release|Any CPU.Build.0 = Release|Any CPU
	EndGlobalSection
	GlobalSection(SolutionProperties) = preSolution
		HideSolutionNode = FALSE
	EndGlobalSection
	GlobalSection(NestedProjects) = preSolution
		{190BF261-926F-480A-A32C-5B7F1347EAF8} = {56C973F0-D59D-4364-82C5-89128776786E}
		{795A0791-D7A1-4CE1-96B7-B322DDBE5D05} = {FFDDE889-311B-4EC1-AB73-8110A94B2BCA}
		{33194845-24DA-4DE7-B931-5C779FBDBB7D} = {56C973F0-D59D-4364-82C5-89128776786E}
		{B0A2BA5D-A828-46FA-B104-FB17D0A1B93A} = {33194845-24DA-4DE7-B931-5C779FBDBB7D}
		{FFDDE889-311B-4EC1-AB73-8110A94B2BCA} = {56C973F0-D59D-4364-82C5-89128776786E}
		{9A5E037C-46E9-46FE-A819-6C9ED97DE434} = {FFDDE889-311B-4EC1-AB73-8110A94B2BCA}
		{98C4B851-5DA5-4FDB-976B-4D480CF073DD} = {411904F4-BF64-4B2F-8BBB-8BC01984E04C}
		{411904F4-BF64-4B2F-8BBB-8BC01984E04C} = {56C973F0-D59D-4364-82C5-89128776786E}
		{E60F7954-20EB-457A-9DEC-CFE224542BB3} = {56C973F0-D59D-4364-82C5-89128776786E}
		{670A9C34-9414-42E6-9CC3-97F3D0A3BADA} = {1A2F9B23-9E9A-4C7C-AF6B-EFC33FD9EBA0}
		{93AD64E1-B92E-4EAE-AFA0-89A87A4985D8} = {58D1F556-66EF-4050-8EAE-48A84AF412A1}
		{C4319365-78B6-4F16-82A0-BB6E4D2DF7BD} = {58D1F556-66EF-4050-8EAE-48A84AF412A1}
		{58D1F556-66EF-4050-8EAE-48A84AF412A1} = {1A2F9B23-9E9A-4C7C-AF6B-EFC33FD9EBA0}
		{9607DC24-BD22-4CBD-93C8-7FE309E902F2} = {58D1F556-66EF-4050-8EAE-48A84AF412A1}
		{ABAABA6E-25B3-42DC-A271-49987E6BAFFB} = {1A2F9B23-9E9A-4C7C-AF6B-EFC33FD9EBA0}
		{ED7D600B-466C-4E3C-82B8-4616757A7FC6} = {ABAABA6E-25B3-42DC-A271-49987E6BAFFB}
	EndGlobalSection
	GlobalSection(ExtensibilityGlobals) = postSolution
		SolutionGuid = {D5FF6B21-B981-42E6-89C1-D5C6F90D2989}
	EndGlobalSection
EndGlobal
