
Microsoft Visual Studio Solution File, Format Version 12.00
# Visual Studio Version 17
VisualStudioVersion = 17.1.32104.313
MinimumVisualStudioVersion = 10.0.40219.1
Project("{9A19103F-16F7-4668-BE54-9A1E7A4F7556}") = "ZFile.Core", "NetCoreAPi\ZFileServer\ZFile.Core\ZFile.Core.csproj", "{795A0791-D7A1-4CE1-96B7-B322DDBE5D05}"
EndProject
Project("{2150E333-8FDC-42A3-9474-1A3956D46DE8}") = "应用公共", "应用公共", "{33194845-24DA-4DE7-B931-5C779FBDBB7D}"
EndProject
Project("{9A19103F-16F7-4668-BE54-9A1E7A4F7556}") = "ZFile.Common", "NetCoreAPi\ZFileServer\ZFile.Common\ZFile.Common.csproj", "{B0A2BA5D-A828-46FA-B104-FB17D0A1B93A}"
EndProject
Project("{2150E333-8FDC-42A3-9474-1A3956D46DE8}") = "应用服务", "应用服务", "{FFDDE889-311B-4EC1-AB73-8110A94B2BCA}"
EndProject
Project("{9A19103F-16F7-4668-BE54-9A1E7A4F7556}") = "ZFile.Service", "NetCoreAPi\ZFileServer\ZFile.Service\ZFile.Service.csproj", "{9A5E037C-46E9-46FE-A819-6C9ED97DE434}"
EndProject
Project("{9A19103F-16F7-4668-BE54-9A1E7A4F7556}") = "ZFile.Extensions", "NetCoreAPi\ZFileServer\ZFile.Extensions\ZFile.Extensions.csproj", "{98C4B851-5DA5-4FDB-976B-4D480CF073DD}"
EndProject
Project("{2150E333-8FDC-42A3-9474-1A3956D46DE8}") = "应用扩展", "应用扩展", "{411904F4-BF64-4B2F-8BBB-8BC01984E04C}"
EndProject
Project("{9A19103F-16F7-4668-BE54-9A1E7A4F7556}") = "ZFileApiServer", "NetCoreAPi\ZFileServer\ZFileApiServer\ZFileApiServer.csproj", "{E60F7954-20EB-457A-9DEC-CFE224542BB3}"
EndProject
Project("{2150E333-8FDC-42A3-9474-1A3956D46DE8}") = "服务端", "服务端", "{56C973F0-D59D-4364-82C5-89128776786E}"
EndProject
Project("{2150E333-8FDC-42A3-9474-1A3956D46DE8}") = "WPF", "WPF", "{1A2F9B23-9E9A-4C7C-AF6B-EFC33FD9EBA0}"
EndProject
Project("{9A19103F-16F7-4668-BE54-9A1E7A4F7556}") = "ZFileWPFClient", "WPF\MyZFileWPFClinet\ZFileWPFClient\ZFileWPFClient.csproj", "{670A9C34-9414-42E6-9CC3-97F3D0A3BADA}"
EndProject
Project("{9A19103F-16F7-4668-BE54-9A1E7A4F7556}") = "WorkModel", "WPF\MyZFileWPFClinet\WorkModel\WorkModel.csproj", "{93AD64E1-B92E-4EAE-AFA0-89A87A4985D8}"
EndProject
Project("{9A19103F-16F7-4668-BE54-9A1E7A4F7556}") = "TranmissionModel", "WPF\MyZFileWPFClinet\TranmissionModel\TranmissionModel.csproj", "{C4319365-78B6-4F16-82A0-BB6E4D2DF7BD}"
EndProject
Project("{2150E333-8FDC-42A3-9474-1A3956D46DE8}") = "Model", "Model", "{58D1F556-66EF-4050-8EAE-48A84AF412A1}"
EndProject
Project("{9A19103F-16F7-4668-BE54-9A1E7A4F7556}") = "HomeModel", "WPF\MyZFileWPFClinet\HomeModel\HomeModel.csproj", "{9607DC24-BD22-4CBD-93C8-7FE309E902F2}"
EndProject
Project("{2150E333-8FDC-42A3-9474-1A3956D46DE8}") = "应用公共", "应用公共", "{ABAABA6E-25B3-42DC-A271-49987E6BAFFB}"
EndProject
Project("{9A19103F-16F7-4668-BE54-9A1E7A4F7556}") = "ZFileComponent", "WPF\MyZFileWPFClinet\ZFileComponent\ZFileComponent.csproj", "{ED7D600B-466C-4E3C-82B8-4616757A7FC6}"
EndProject
Project("{2150E333-8FDC-42A3-9474-1A3956D46DE8}") = "ReactiveUI", "ReactiveUI", "{1F0123E9-2D16-4A99-BEC9-8059583AF70B}"
EndProject
Project("{9A19103F-16F7-4668-BE54-9A1E7A4F7556}") = "SysAdmin", "WPF\MyZFileWPFClinet\SysAdmin\SysAdmin.csproj", "{990DB875-0930-4694-85D4-487F73A46F33}"
EndProject
Project("{2150E333-8FDC-42A3-9474-1A3956D46DE8}") = "Version0.1Framwork", "Version0.1Framwork", "{9FF60EE2-9CD2-466D-9BBC-C62D570AB718}"
EndProject
Project("{2150E333-8FDC-42A3-9474-1A3956D46DE8}") = "NewVersion", "NewVersion", "{EA2B2C3F-2B6C-4044-880D-D16509C11151}"
EndProject
Project("{9A19103F-16F7-4668-BE54-9A1E7A4F7556}") = "ZTAppFrameword.Template", "NewVersion\ZTAppFrameword.Template\ZTAppFrameword.Template.csproj", "{BDB72C93-8A30-4094-8EE3-4331CFF766B9}"
EndProject
Project("{9A19103F-16F7-4668-BE54-9A1E7A4F7556}") = "ZTAppFramework", "NewVersion\ZTAppFramework\ZTAppFramework.csproj", "{C5E67590-BFA9-49F3-88FE-BBC1003E80CA}"
EndProject
Project("{9A19103F-16F7-4668-BE54-9A1E7A4F7556}") = "ZTAppFramework.Admin", "NewVersion\ZTAppFramework.Admin\ZTAppFramework.Admin.csproj", "{9D3F15B3-0978-487D-96E8-FAA2DDF9E41C}"
EndProject
Project("{9A19103F-16F7-4668-BE54-9A1E7A4F7556}") = "ZTAppFramework.Application", "NewVersion\ZTAppFramework.Application\ZTAppFramework.Application.csproj", "{A381579A-BC71-4796-97B0-9B86E595D6FC}"
EndProject
Project("{9A19103F-16F7-4668-BE54-9A1E7A4F7556}") = "ZTAppFreamework.Stared", "NewVersion\ZTAppFreamework.Stared\ZTAppFreamework.Stared.csproj", "{1FC9E357-ABF0-4330-A787-D9CEF0D14652}"
EndProject
Project("{9A19103F-16F7-4668-BE54-9A1E7A4F7556}") = "ZTAppFramewrok.Application.Stared", "NewVersion\ZTAppFramewrok.Application.Stared\ZTAppFramewrok.Application.Stared.csproj", "{34EBEEB5-E738-4BD7-85B5-DA726739E0E4}"
EndProject
Project("{9A19103F-16F7-4668-BE54-9A1E7A4F7556}") = "ZTAppFramework.SqliteCore", "NewVersion\ZTAppFramework.Sqlite\ZTAppFramework.SqliteCore.csproj", "{5C7B6377-BAD8-4849-949B-E1DD3E3F9F15}"
EndProject
Project("{2150E333-8FDC-42A3-9474-1A3956D46DE8}") = "NerVersion", "NerVersion", "{4CF54648-9FEE-41BB-A9D3-18E75312A490}"
EndProject
Project("{2150E333-8FDC-42A3-9474-1A3956D46DE8}") = "Version1.0Server", "Version1.0Server", "{86FEF1F0-B1C1-4FD9-A889-01DCF0308F8E}"
EndProject
Project("{2150E333-8FDC-42A3-9474-1A3956D46DE8}") = "BasicLayer", "BasicLayer", "{88B40C77-4FF9-4FBD-AE65-3A6317726ED5}"
EndProject
Project("{9A19103F-16F7-4668-BE54-9A1E7A4F7556}") = "ZT.Common", "NewCoreApi\ZT.Common\ZT.Common.csproj", "{D5208E7A-2205-4FB7-BA47-68144B2A28E3}"
EndProject
Project("{2150E333-8FDC-42A3-9474-1A3956D46DE8}") = "AppLayer", "AppLayer", "{9935BD99-20A7-4658-B09E-888A2167889B}"
EndProject
Project("{9A19103F-16F7-4668-BE54-9A1E7A4F7556}") = "ZT.ApiService", "NewCoreApi\ZT.ApiService\ZT.ApiService.csproj", "{91BD2F19-A1E6-499C-92A2-1EBD156F3E9B}"
EndProject
Project("{9A19103F-16F7-4668-BE54-9A1E7A4F7556}") = "ZT.Application", "NewCoreApi\ZT.Application\ZT.Application.csproj", "{03A74248-E1D1-48BE-ABB6-2A4FCA09AA38}"
EndProject
Project("{9A19103F-16F7-4668-BE54-9A1E7A4F7556}") = "ZT.Domain.Core", "NewCoreApi\ZT.Domain.Core\ZT.Domain.Core.csproj", "{3D00FF92-DC5B-46EC-81BA-9BDF74B5C200}"
EndProject
Project("{9A19103F-16F7-4668-BE54-9A1E7A4F7556}") = "ZT.Sugar", "NewCoreApi\ZT.Sugar\ZT.Sugar.csproj", "{71476DBF-EBD3-4251-A843-53746C0D6D62}"
EndProject
Project("{9A19103F-16F7-4668-BE54-9A1E7A4F7556}") = "ZT.Domain", "NewCoreApi\ZT.Domain\ZT.Domain.csproj", "{43642D4F-4872-4069-A247-1990946CABC5}"
EndProject
Project("{2150E333-8FDC-42A3-9474-1A3956D46DE8}") = "ModuleLayer", "ModuleLayer", "{FA49F0F9-294A-4C72-85C8-9E8375500EB0}"
EndProject
Project("{9A19103F-16F7-4668-BE54-9A1E7A4F7556}") = "ZT.CrossCutting", "NewCoreApi\ZT.CrossCutting\ZT.CrossCutting.csproj", "{EFCCFD07-EA96-4A8C-A036-449C09696C14}"
EndProject
Project("{9A19103F-16F7-4668-BE54-9A1E7A4F7556}") = "ZT.Generator", "NewCoreApi\ZT.Generator\ZT.Generator.csproj", "{A297C503-9D16-4C95-A201-2AD5597D7505}"
EndProject
Project("{2150E333-8FDC-42A3-9474-1A3956D46DE8}") = "图片标记模块", "图片标记模块", "{FCF23DFA-3A1F-4DA0-98B1-D74D9ABC9744}"
EndProject
Project("{9A19103F-16F7-4668-BE54-9A1E7A4F7556}") = "ZTAppFramework.PictureMarker", "NewVersion\ZTAppFramework.PictureMarker\ZTAppFramework.PictureMarker.csproj", "{796CA448-1079-4195-A794-236CC526B975}"
EndProject
Project("{2150E333-8FDC-42A3-9474-1A3956D46DE8}") = "相机模块", "相机模块", "{79D9F528-07C0-4577-A790-75EC6EFE7E50}"
EndProject
Project("{9A19103F-16F7-4668-BE54-9A1E7A4F7556}") = "ZTAppFramework.Camera", "NewVersion\ZTAppFramework.Camera\ZTAppFramework.Camera.csproj", "{67961A75-A484-4875-B693-29CFE771183B}"
EndProject
Global
	GlobalSection(SolutionConfigurationPlatforms) = preSolution
		Debug|Any CPU = Debug|Any CPU
		Debug|iPhone = Debug|iPhone
		Debug|iPhoneSimulator = Debug|iPhoneSimulator
		Release|Any CPU = Release|Any CPU
		Release|iPhone = Release|iPhone
		Release|iPhoneSimulator = Release|iPhoneSimulator
	EndGlobalSection
	GlobalSection(ProjectConfigurationPlatforms) = postSolution
		{795A0791-D7A1-4CE1-96B7-B322DDBE5D05}.Debug|Any CPU.ActiveCfg = Debug|Any CPU
		{795A0791-D7A1-4CE1-96B7-B322DDBE5D05}.Debug|Any CPU.Build.0 = Debug|Any CPU
		{795A0791-D7A1-4CE1-96B7-B322DDBE5D05}.Debug|iPhone.ActiveCfg = Debug|Any CPU
		{795A0791-D7A1-4CE1-96B7-B322DDBE5D05}.Debug|iPhone.Build.0 = Debug|Any CPU
		{795A0791-D7A1-4CE1-96B7-B322DDBE5D05}.Debug|iPhoneSimulator.ActiveCfg = Debug|Any CPU
		{795A0791-D7A1-4CE1-96B7-B322DDBE5D05}.Debug|iPhoneSimulator.Build.0 = Debug|Any CPU
		{795A0791-D7A1-4CE1-96B7-B322DDBE5D05}.Release|Any CPU.ActiveCfg = Release|Any CPU
		{795A0791-D7A1-4CE1-96B7-B322DDBE5D05}.Release|Any CPU.Build.0 = Release|Any CPU
		{795A0791-D7A1-4CE1-96B7-B322DDBE5D05}.Release|iPhone.ActiveCfg = Release|Any CPU
		{795A0791-D7A1-4CE1-96B7-B322DDBE5D05}.Release|iPhone.Build.0 = Release|Any CPU
		{795A0791-D7A1-4CE1-96B7-B322DDBE5D05}.Release|iPhoneSimulator.ActiveCfg = Release|Any CPU
		{795A0791-D7A1-4CE1-96B7-B322DDBE5D05}.Release|iPhoneSimulator.Build.0 = Release|Any CPU
		{B0A2BA5D-A828-46FA-B104-FB17D0A1B93A}.Debug|Any CPU.ActiveCfg = Debug|Any CPU
		{B0A2BA5D-A828-46FA-B104-FB17D0A1B93A}.Debug|Any CPU.Build.0 = Debug|Any CPU
		{B0A2BA5D-A828-46FA-B104-FB17D0A1B93A}.Debug|iPhone.ActiveCfg = Debug|Any CPU
		{B0A2BA5D-A828-46FA-B104-FB17D0A1B93A}.Debug|iPhone.Build.0 = Debug|Any CPU
		{B0A2BA5D-A828-46FA-B104-FB17D0A1B93A}.Debug|iPhoneSimulator.ActiveCfg = Debug|Any CPU
		{B0A2BA5D-A828-46FA-B104-FB17D0A1B93A}.Debug|iPhoneSimulator.Build.0 = Debug|Any CPU
		{B0A2BA5D-A828-46FA-B104-FB17D0A1B93A}.Release|Any CPU.ActiveCfg = Release|Any CPU
		{B0A2BA5D-A828-46FA-B104-FB17D0A1B93A}.Release|Any CPU.Build.0 = Release|Any CPU
		{B0A2BA5D-A828-46FA-B104-FB17D0A1B93A}.Release|iPhone.ActiveCfg = Release|Any CPU
		{B0A2BA5D-A828-46FA-B104-FB17D0A1B93A}.Release|iPhone.Build.0 = Release|Any CPU
		{B0A2BA5D-A828-46FA-B104-FB17D0A1B93A}.Release|iPhoneSimulator.ActiveCfg = Release|Any CPU
		{B0A2BA5D-A828-46FA-B104-FB17D0A1B93A}.Release|iPhoneSimulator.Build.0 = Release|Any CPU
		{9A5E037C-46E9-46FE-A819-6C9ED97DE434}.Debug|Any CPU.ActiveCfg = Debug|Any CPU
		{9A5E037C-46E9-46FE-A819-6C9ED97DE434}.Debug|Any CPU.Build.0 = Debug|Any CPU
		{9A5E037C-46E9-46FE-A819-6C9ED97DE434}.Debug|iPhone.ActiveCfg = Debug|Any CPU
		{9A5E037C-46E9-46FE-A819-6C9ED97DE434}.Debug|iPhone.Build.0 = Debug|Any CPU
		{9A5E037C-46E9-46FE-A819-6C9ED97DE434}.Debug|iPhoneSimulator.ActiveCfg = Debug|Any CPU
		{9A5E037C-46E9-46FE-A819-6C9ED97DE434}.Debug|iPhoneSimulator.Build.0 = Debug|Any CPU
		{9A5E037C-46E9-46FE-A819-6C9ED97DE434}.Release|Any CPU.ActiveCfg = Release|Any CPU
		{9A5E037C-46E9-46FE-A819-6C9ED97DE434}.Release|Any CPU.Build.0 = Release|Any CPU
		{9A5E037C-46E9-46FE-A819-6C9ED97DE434}.Release|iPhone.ActiveCfg = Release|Any CPU
		{9A5E037C-46E9-46FE-A819-6C9ED97DE434}.Release|iPhone.Build.0 = Release|Any CPU
		{9A5E037C-46E9-46FE-A819-6C9ED97DE434}.Release|iPhoneSimulator.ActiveCfg = Release|Any CPU
		{9A5E037C-46E9-46FE-A819-6C9ED97DE434}.Release|iPhoneSimulator.Build.0 = Release|Any CPU
		{98C4B851-5DA5-4FDB-976B-4D480CF073DD}.Debug|Any CPU.ActiveCfg = Debug|Any CPU
		{98C4B851-5DA5-4FDB-976B-4D480CF073DD}.Debug|Any CPU.Build.0 = Debug|Any CPU
		{98C4B851-5DA5-4FDB-976B-4D480CF073DD}.Debug|iPhone.ActiveCfg = Debug|Any CPU
		{98C4B851-5DA5-4FDB-976B-4D480CF073DD}.Debug|iPhone.Build.0 = Debug|Any CPU
		{98C4B851-5DA5-4FDB-976B-4D480CF073DD}.Debug|iPhoneSimulator.ActiveCfg = Debug|Any CPU
		{98C4B851-5DA5-4FDB-976B-4D480CF073DD}.Debug|iPhoneSimulator.Build.0 = Debug|Any CPU
		{98C4B851-5DA5-4FDB-976B-4D480CF073DD}.Release|Any CPU.ActiveCfg = Release|Any CPU
		{98C4B851-5DA5-4FDB-976B-4D480CF073DD}.Release|Any CPU.Build.0 = Release|Any CPU
		{98C4B851-5DA5-4FDB-976B-4D480CF073DD}.Release|iPhone.ActiveCfg = Release|Any CPU
		{98C4B851-5DA5-4FDB-976B-4D480CF073DD}.Release|iPhone.Build.0 = Release|Any CPU
		{98C4B851-5DA5-4FDB-976B-4D480CF073DD}.Release|iPhoneSimulator.ActiveCfg = Release|Any CPU
		{98C4B851-5DA5-4FDB-976B-4D480CF073DD}.Release|iPhoneSimulator.Build.0 = Release|Any CPU
		{E60F7954-20EB-457A-9DEC-CFE224542BB3}.Debug|Any CPU.ActiveCfg = Debug|Any CPU
		{E60F7954-20EB-457A-9DEC-CFE224542BB3}.Debug|Any CPU.Build.0 = Debug|Any CPU
		{E60F7954-20EB-457A-9DEC-CFE224542BB3}.Debug|iPhone.ActiveCfg = Debug|Any CPU
		{E60F7954-20EB-457A-9DEC-CFE224542BB3}.Debug|iPhone.Build.0 = Debug|Any CPU
		{E60F7954-20EB-457A-9DEC-CFE224542BB3}.Debug|iPhoneSimulator.ActiveCfg = Debug|Any CPU
		{E60F7954-20EB-457A-9DEC-CFE224542BB3}.Debug|iPhoneSimulator.Build.0 = Debug|Any CPU
		{E60F7954-20EB-457A-9DEC-CFE224542BB3}.Release|Any CPU.ActiveCfg = Release|Any CPU
		{E60F7954-20EB-457A-9DEC-CFE224542BB3}.Release|Any CPU.Build.0 = Release|Any CPU
		{E60F7954-20EB-457A-9DEC-CFE224542BB3}.Release|iPhone.ActiveCfg = Release|Any CPU
		{E60F7954-20EB-457A-9DEC-CFE224542BB3}.Release|iPhone.Build.0 = Release|Any CPU
		{E60F7954-20EB-457A-9DEC-CFE224542BB3}.Release|iPhoneSimulator.ActiveCfg = Release|Any CPU
		{E60F7954-20EB-457A-9DEC-CFE224542BB3}.Release|iPhoneSimulator.Build.0 = Release|Any CPU
		{670A9C34-9414-42E6-9CC3-97F3D0A3BADA}.Debug|Any CPU.ActiveCfg = Debug|Any CPU
		{670A9C34-9414-42E6-9CC3-97F3D0A3BADA}.Debug|Any CPU.Build.0 = Debug|Any CPU
		{670A9C34-9414-42E6-9CC3-97F3D0A3BADA}.Debug|iPhone.ActiveCfg = Debug|Any CPU
		{670A9C34-9414-42E6-9CC3-97F3D0A3BADA}.Debug|iPhone.Build.0 = Debug|Any CPU
		{670A9C34-9414-42E6-9CC3-97F3D0A3BADA}.Debug|iPhoneSimulator.ActiveCfg = Debug|Any CPU
		{670A9C34-9414-42E6-9CC3-97F3D0A3BADA}.Debug|iPhoneSimulator.Build.0 = Debug|Any CPU
		{670A9C34-9414-42E6-9CC3-97F3D0A3BADA}.Release|Any CPU.ActiveCfg = Release|Any CPU
		{670A9C34-9414-42E6-9CC3-97F3D0A3BADA}.Release|Any CPU.Build.0 = Release|Any CPU
		{670A9C34-9414-42E6-9CC3-97F3D0A3BADA}.Release|iPhone.ActiveCfg = Release|Any CPU
		{670A9C34-9414-42E6-9CC3-97F3D0A3BADA}.Release|iPhone.Build.0 = Release|Any CPU
		{670A9C34-9414-42E6-9CC3-97F3D0A3BADA}.Release|iPhoneSimulator.ActiveCfg = Release|Any CPU
		{670A9C34-9414-42E6-9CC3-97F3D0A3BADA}.Release|iPhoneSimulator.Build.0 = Release|Any CPU
		{93AD64E1-B92E-4EAE-AFA0-89A87A4985D8}.Debug|Any CPU.ActiveCfg = Debug|Any CPU
		{93AD64E1-B92E-4EAE-AFA0-89A87A4985D8}.Debug|Any CPU.Build.0 = Debug|Any CPU
		{93AD64E1-B92E-4EAE-AFA0-89A87A4985D8}.Debug|iPhone.ActiveCfg = Debug|Any CPU
		{93AD64E1-B92E-4EAE-AFA0-89A87A4985D8}.Debug|iPhone.Build.0 = Debug|Any CPU
		{93AD64E1-B92E-4EAE-AFA0-89A87A4985D8}.Debug|iPhoneSimulator.ActiveCfg = Debug|Any CPU
		{93AD64E1-B92E-4EAE-AFA0-89A87A4985D8}.Debug|iPhoneSimulator.Build.0 = Debug|Any CPU
		{93AD64E1-B92E-4EAE-AFA0-89A87A4985D8}.Release|Any CPU.ActiveCfg = Release|Any CPU
		{93AD64E1-B92E-4EAE-AFA0-89A87A4985D8}.Release|Any CPU.Build.0 = Release|Any CPU
		{93AD64E1-B92E-4EAE-AFA0-89A87A4985D8}.Release|iPhone.ActiveCfg = Release|Any CPU
		{93AD64E1-B92E-4EAE-AFA0-89A87A4985D8}.Release|iPhone.Build.0 = Release|Any CPU
		{93AD64E1-B92E-4EAE-AFA0-89A87A4985D8}.Release|iPhoneSimulator.ActiveCfg = Release|Any CPU
		{93AD64E1-B92E-4EAE-AFA0-89A87A4985D8}.Release|iPhoneSimulator.Build.0 = Release|Any CPU
		{C4319365-78B6-4F16-82A0-BB6E4D2DF7BD}.Debug|Any CPU.ActiveCfg = Debug|Any CPU
		{C4319365-78B6-4F16-82A0-BB6E4D2DF7BD}.Debug|Any CPU.Build.0 = Debug|Any CPU
		{C4319365-78B6-4F16-82A0-BB6E4D2DF7BD}.Debug|iPhone.ActiveCfg = Debug|Any CPU
		{C4319365-78B6-4F16-82A0-BB6E4D2DF7BD}.Debug|iPhone.Build.0 = Debug|Any CPU
		{C4319365-78B6-4F16-82A0-BB6E4D2DF7BD}.Debug|iPhoneSimulator.ActiveCfg = Debug|Any CPU
		{C4319365-78B6-4F16-82A0-BB6E4D2DF7BD}.Debug|iPhoneSimulator.Build.0 = Debug|Any CPU
		{C4319365-78B6-4F16-82A0-BB6E4D2DF7BD}.Release|Any CPU.ActiveCfg = Release|Any CPU
		{C4319365-78B6-4F16-82A0-BB6E4D2DF7BD}.Release|Any CPU.Build.0 = Release|Any CPU
		{C4319365-78B6-4F16-82A0-BB6E4D2DF7BD}.Release|iPhone.ActiveCfg = Release|Any CPU
		{C4319365-78B6-4F16-82A0-BB6E4D2DF7BD}.Release|iPhone.Build.0 = Release|Any CPU
		{C4319365-78B6-4F16-82A0-BB6E4D2DF7BD}.Release|iPhoneSimulator.ActiveCfg = Release|Any CPU
		{C4319365-78B6-4F16-82A0-BB6E4D2DF7BD}.Release|iPhoneSimulator.Build.0 = Release|Any CPU
		{9607DC24-BD22-4CBD-93C8-7FE309E902F2}.Debug|Any CPU.ActiveCfg = Debug|Any CPU
		{9607DC24-BD22-4CBD-93C8-7FE309E902F2}.Debug|Any CPU.Build.0 = Debug|Any CPU
		{9607DC24-BD22-4CBD-93C8-7FE309E902F2}.Debug|iPhone.ActiveCfg = Debug|Any CPU
		{9607DC24-BD22-4CBD-93C8-7FE309E902F2}.Debug|iPhone.Build.0 = Debug|Any CPU
		{9607DC24-BD22-4CBD-93C8-7FE309E902F2}.Debug|iPhoneSimulator.ActiveCfg = Debug|Any CPU
		{9607DC24-BD22-4CBD-93C8-7FE309E902F2}.Debug|iPhoneSimulator.Build.0 = Debug|Any CPU
		{9607DC24-BD22-4CBD-93C8-7FE309E902F2}.Release|Any CPU.ActiveCfg = Release|Any CPU
		{9607DC24-BD22-4CBD-93C8-7FE309E902F2}.Release|Any CPU.Build.0 = Release|Any CPU
		{9607DC24-BD22-4CBD-93C8-7FE309E902F2}.Release|iPhone.ActiveCfg = Release|Any CPU
		{9607DC24-BD22-4CBD-93C8-7FE309E902F2}.Release|iPhone.Build.0 = Release|Any CPU
		{9607DC24-BD22-4CBD-93C8-7FE309E902F2}.Release|iPhoneSimulator.ActiveCfg = Release|Any CPU
		{9607DC24-BD22-4CBD-93C8-7FE309E902F2}.Release|iPhoneSimulator.Build.0 = Release|Any CPU
		{ED7D600B-466C-4E3C-82B8-4616757A7FC6}.Debug|Any CPU.ActiveCfg = Debug|Any CPU
		{ED7D600B-466C-4E3C-82B8-4616757A7FC6}.Debug|Any CPU.Build.0 = Debug|Any CPU
		{ED7D600B-466C-4E3C-82B8-4616757A7FC6}.Debug|iPhone.ActiveCfg = Debug|Any CPU
		{ED7D600B-466C-4E3C-82B8-4616757A7FC6}.Debug|iPhone.Build.0 = Debug|Any CPU
		{ED7D600B-466C-4E3C-82B8-4616757A7FC6}.Debug|iPhoneSimulator.ActiveCfg = Debug|Any CPU
		{ED7D600B-466C-4E3C-82B8-4616757A7FC6}.Debug|iPhoneSimulator.Build.0 = Debug|Any CPU
		{ED7D600B-466C-4E3C-82B8-4616757A7FC6}.Release|Any CPU.ActiveCfg = Release|Any CPU
		{ED7D600B-466C-4E3C-82B8-4616757A7FC6}.Release|Any CPU.Build.0 = Release|Any CPU
		{ED7D600B-466C-4E3C-82B8-4616757A7FC6}.Release|iPhone.ActiveCfg = Release|Any CPU
		{ED7D600B-466C-4E3C-82B8-4616757A7FC6}.Release|iPhone.Build.0 = Release|Any CPU
		{ED7D600B-466C-4E3C-82B8-4616757A7FC6}.Release|iPhoneSimulator.ActiveCfg = Release|Any CPU
		{ED7D600B-466C-4E3C-82B8-4616757A7FC6}.Release|iPhoneSimulator.Build.0 = Release|Any CPU
		{990DB875-0930-4694-85D4-487F73A46F33}.Debug|Any CPU.ActiveCfg = Debug|Any CPU
		{990DB875-0930-4694-85D4-487F73A46F33}.Debug|Any CPU.Build.0 = Debug|Any CPU
		{990DB875-0930-4694-85D4-487F73A46F33}.Debug|iPhone.ActiveCfg = Debug|Any CPU
		{990DB875-0930-4694-85D4-487F73A46F33}.Debug|iPhone.Build.0 = Debug|Any CPU
		{990DB875-0930-4694-85D4-487F73A46F33}.Debug|iPhoneSimulator.ActiveCfg = Debug|Any CPU
		{990DB875-0930-4694-85D4-487F73A46F33}.Debug|iPhoneSimulator.Build.0 = Debug|Any CPU
		{990DB875-0930-4694-85D4-487F73A46F33}.Release|Any CPU.ActiveCfg = Release|Any CPU
		{990DB875-0930-4694-85D4-487F73A46F33}.Release|Any CPU.Build.0 = Release|Any CPU
		{990DB875-0930-4694-85D4-487F73A46F33}.Release|iPhone.ActiveCfg = Release|Any CPU
		{990DB875-0930-4694-85D4-487F73A46F33}.Release|iPhone.Build.0 = Release|Any CPU
		{990DB875-0930-4694-85D4-487F73A46F33}.Release|iPhoneSimulator.ActiveCfg = Release|Any CPU
		{990DB875-0930-4694-85D4-487F73A46F33}.Release|iPhoneSimulator.Build.0 = Release|Any CPU
		{BDB72C93-8A30-4094-8EE3-4331CFF766B9}.Debug|Any CPU.ActiveCfg = Debug|Any CPU
		{BDB72C93-8A30-4094-8EE3-4331CFF766B9}.Debug|Any CPU.Build.0 = Debug|Any CPU
		{BDB72C93-8A30-4094-8EE3-4331CFF766B9}.Debug|iPhone.ActiveCfg = Debug|Any CPU
		{BDB72C93-8A30-4094-8EE3-4331CFF766B9}.Debug|iPhone.Build.0 = Debug|Any CPU
		{BDB72C93-8A30-4094-8EE3-4331CFF766B9}.Debug|iPhoneSimulator.ActiveCfg = Debug|Any CPU
		{BDB72C93-8A30-4094-8EE3-4331CFF766B9}.Debug|iPhoneSimulator.Build.0 = Debug|Any CPU
		{BDB72C93-8A30-4094-8EE3-4331CFF766B9}.Release|Any CPU.ActiveCfg = Release|Any CPU
		{BDB72C93-8A30-4094-8EE3-4331CFF766B9}.Release|Any CPU.Build.0 = Release|Any CPU
		{BDB72C93-8A30-4094-8EE3-4331CFF766B9}.Release|iPhone.ActiveCfg = Release|Any CPU
		{BDB72C93-8A30-4094-8EE3-4331CFF766B9}.Release|iPhone.Build.0 = Release|Any CPU
		{BDB72C93-8A30-4094-8EE3-4331CFF766B9}.Release|iPhoneSimulator.ActiveCfg = Release|Any CPU
		{BDB72C93-8A30-4094-8EE3-4331CFF766B9}.Release|iPhoneSimulator.Build.0 = Release|Any CPU
		{C5E67590-BFA9-49F3-88FE-BBC1003E80CA}.Debug|Any CPU.ActiveCfg = Debug|Any CPU
		{C5E67590-BFA9-49F3-88FE-BBC1003E80CA}.Debug|Any CPU.Build.0 = Debug|Any CPU
		{C5E67590-BFA9-49F3-88FE-BBC1003E80CA}.Debug|iPhone.ActiveCfg = Debug|Any CPU
		{C5E67590-BFA9-49F3-88FE-BBC1003E80CA}.Debug|iPhone.Build.0 = Debug|Any CPU
		{C5E67590-BFA9-49F3-88FE-BBC1003E80CA}.Debug|iPhoneSimulator.ActiveCfg = Debug|Any CPU
		{C5E67590-BFA9-49F3-88FE-BBC1003E80CA}.Debug|iPhoneSimulator.Build.0 = Debug|Any CPU
		{C5E67590-BFA9-49F3-88FE-BBC1003E80CA}.Release|Any CPU.ActiveCfg = Release|Any CPU
		{C5E67590-BFA9-49F3-88FE-BBC1003E80CA}.Release|Any CPU.Build.0 = Release|Any CPU
		{C5E67590-BFA9-49F3-88FE-BBC1003E80CA}.Release|iPhone.ActiveCfg = Release|Any CPU
		{C5E67590-BFA9-49F3-88FE-BBC1003E80CA}.Release|iPhone.Build.0 = Release|Any CPU
		{C5E67590-BFA9-49F3-88FE-BBC1003E80CA}.Release|iPhoneSimulator.ActiveCfg = Release|Any CPU
		{C5E67590-BFA9-49F3-88FE-BBC1003E80CA}.Release|iPhoneSimulator.Build.0 = Release|Any CPU
		{9D3F15B3-0978-487D-96E8-FAA2DDF9E41C}.Debug|Any CPU.ActiveCfg = Debug|Any CPU
		{9D3F15B3-0978-487D-96E8-FAA2DDF9E41C}.Debug|Any CPU.Build.0 = Debug|Any CPU
		{9D3F15B3-0978-487D-96E8-FAA2DDF9E41C}.Debug|iPhone.ActiveCfg = Debug|Any CPU
		{9D3F15B3-0978-487D-96E8-FAA2DDF9E41C}.Debug|iPhone.Build.0 = Debug|Any CPU
		{9D3F15B3-0978-487D-96E8-FAA2DDF9E41C}.Debug|iPhoneSimulator.ActiveCfg = Debug|Any CPU
		{9D3F15B3-0978-487D-96E8-FAA2DDF9E41C}.Debug|iPhoneSimulator.Build.0 = Debug|Any CPU
		{9D3F15B3-0978-487D-96E8-FAA2DDF9E41C}.Release|Any CPU.ActiveCfg = Release|Any CPU
		{9D3F15B3-0978-487D-96E8-FAA2DDF9E41C}.Release|Any CPU.Build.0 = Release|Any CPU
		{9D3F15B3-0978-487D-96E8-FAA2DDF9E41C}.Release|iPhone.ActiveCfg = Release|Any CPU
		{9D3F15B3-0978-487D-96E8-FAA2DDF9E41C}.Release|iPhone.Build.0 = Release|Any CPU
		{9D3F15B3-0978-487D-96E8-FAA2DDF9E41C}.Release|iPhoneSimulator.ActiveCfg = Release|Any CPU
		{9D3F15B3-0978-487D-96E8-FAA2DDF9E41C}.Release|iPhoneSimulator.Build.0 = Release|Any CPU
		{A381579A-BC71-4796-97B0-9B86E595D6FC}.Debug|Any CPU.ActiveCfg = Debug|Any CPU
		{A381579A-BC71-4796-97B0-9B86E595D6FC}.Debug|Any CPU.Build.0 = Debug|Any CPU
		{A381579A-BC71-4796-97B0-9B86E595D6FC}.Debug|iPhone.ActiveCfg = Debug|Any CPU
		{A381579A-BC71-4796-97B0-9B86E595D6FC}.Debug|iPhone.Build.0 = Debug|Any CPU
		{A381579A-BC71-4796-97B0-9B86E595D6FC}.Debug|iPhoneSimulator.ActiveCfg = Debug|Any CPU
		{A381579A-BC71-4796-97B0-9B86E595D6FC}.Debug|iPhoneSimulator.Build.0 = Debug|Any CPU
		{A381579A-BC71-4796-97B0-9B86E595D6FC}.Release|Any CPU.ActiveCfg = Release|Any CPU
		{A381579A-BC71-4796-97B0-9B86E595D6FC}.Release|Any CPU.Build.0 = Release|Any CPU
		{A381579A-BC71-4796-97B0-9B86E595D6FC}.Release|iPhone.ActiveCfg = Release|Any CPU
		{A381579A-BC71-4796-97B0-9B86E595D6FC}.Release|iPhone.Build.0 = Release|Any CPU
		{A381579A-BC71-4796-97B0-9B86E595D6FC}.Release|iPhoneSimulator.ActiveCfg = Release|Any CPU
		{A381579A-BC71-4796-97B0-9B86E595D6FC}.Release|iPhoneSimulator.Build.0 = Release|Any CPU
		{1FC9E357-ABF0-4330-A787-D9CEF0D14652}.Debug|Any CPU.ActiveCfg = Debug|Any CPU
		{1FC9E357-ABF0-4330-A787-D9CEF0D14652}.Debug|Any CPU.Build.0 = Debug|Any CPU
		{1FC9E357-ABF0-4330-A787-D9CEF0D14652}.Debug|iPhone.ActiveCfg = Debug|Any CPU
		{1FC9E357-ABF0-4330-A787-D9CEF0D14652}.Debug|iPhone.Build.0 = Debug|Any CPU
		{1FC9E357-ABF0-4330-A787-D9CEF0D14652}.Debug|iPhoneSimulator.ActiveCfg = Debug|Any CPU
		{1FC9E357-ABF0-4330-A787-D9CEF0D14652}.Debug|iPhoneSimulator.Build.0 = Debug|Any CPU
		{1FC9E357-ABF0-4330-A787-D9CEF0D14652}.Release|Any CPU.ActiveCfg = Release|Any CPU
		{1FC9E357-ABF0-4330-A787-D9CEF0D14652}.Release|Any CPU.Build.0 = Release|Any CPU
		{1FC9E357-ABF0-4330-A787-D9CEF0D14652}.Release|iPhone.ActiveCfg = Release|Any CPU
		{1FC9E357-ABF0-4330-A787-D9CEF0D14652}.Release|iPhone.Build.0 = Release|Any CPU
		{1FC9E357-ABF0-4330-A787-D9CEF0D14652}.Release|iPhoneSimulator.ActiveCfg = Release|Any CPU
		{1FC9E357-ABF0-4330-A787-D9CEF0D14652}.Release|iPhoneSimulator.Build.0 = Release|Any CPU
		{34EBEEB5-E738-4BD7-85B5-DA726739E0E4}.Debug|Any CPU.ActiveCfg = Debug|Any CPU
		{34EBEEB5-E738-4BD7-85B5-DA726739E0E4}.Debug|Any CPU.Build.0 = Debug|Any CPU
		{34EBEEB5-E738-4BD7-85B5-DA726739E0E4}.Debug|iPhone.ActiveCfg = Debug|Any CPU
		{34EBEEB5-E738-4BD7-85B5-DA726739E0E4}.Debug|iPhone.Build.0 = Debug|Any CPU
		{34EBEEB5-E738-4BD7-85B5-DA726739E0E4}.Debug|iPhoneSimulator.ActiveCfg = Debug|Any CPU
		{34EBEEB5-E738-4BD7-85B5-DA726739E0E4}.Debug|iPhoneSimulator.Build.0 = Debug|Any CPU
		{34EBEEB5-E738-4BD7-85B5-DA726739E0E4}.Release|Any CPU.ActiveCfg = Release|Any CPU
		{34EBEEB5-E738-4BD7-85B5-DA726739E0E4}.Release|Any CPU.Build.0 = Release|Any CPU
		{34EBEEB5-E738-4BD7-85B5-DA726739E0E4}.Release|iPhone.ActiveCfg = Release|Any CPU
		{34EBEEB5-E738-4BD7-85B5-DA726739E0E4}.Release|iPhone.Build.0 = Release|Any CPU
		{34EBEEB5-E738-4BD7-85B5-DA726739E0E4}.Release|iPhoneSimulator.ActiveCfg = Release|Any CPU
		{34EBEEB5-E738-4BD7-85B5-DA726739E0E4}.Release|iPhoneSimulator.Build.0 = Release|Any CPU
		{5C7B6377-BAD8-4849-949B-E1DD3E3F9F15}.Debug|Any CPU.ActiveCfg = Debug|Any CPU
		{5C7B6377-BAD8-4849-949B-E1DD3E3F9F15}.Debug|Any CPU.Build.0 = Debug|Any CPU
		{5C7B6377-BAD8-4849-949B-E1DD3E3F9F15}.Debug|iPhone.ActiveCfg = Debug|Any CPU
		{5C7B6377-BAD8-4849-949B-E1DD3E3F9F15}.Debug|iPhone.Build.0 = Debug|Any CPU
		{5C7B6377-BAD8-4849-949B-E1DD3E3F9F15}.Debug|iPhoneSimulator.ActiveCfg = Debug|Any CPU
		{5C7B6377-BAD8-4849-949B-E1DD3E3F9F15}.Debug|iPhoneSimulator.Build.0 = Debug|Any CPU
		{5C7B6377-BAD8-4849-949B-E1DD3E3F9F15}.Release|Any CPU.ActiveCfg = Release|Any CPU
		{5C7B6377-BAD8-4849-949B-E1DD3E3F9F15}.Release|Any CPU.Build.0 = Release|Any CPU
		{5C7B6377-BAD8-4849-949B-E1DD3E3F9F15}.Release|iPhone.ActiveCfg = Release|Any CPU
		{5C7B6377-BAD8-4849-949B-E1DD3E3F9F15}.Release|iPhone.Build.0 = Release|Any CPU
		{5C7B6377-BAD8-4849-949B-E1DD3E3F9F15}.Release|iPhoneSimulator.ActiveCfg = Release|Any CPU
		{5C7B6377-BAD8-4849-949B-E1DD3E3F9F15}.Release|iPhoneSimulator.Build.0 = Release|Any CPU
		{D5208E7A-2205-4FB7-BA47-68144B2A28E3}.Debug|Any CPU.ActiveCfg = Debug|Any CPU
		{D5208E7A-2205-4FB7-BA47-68144B2A28E3}.Debug|Any CPU.Build.0 = Debug|Any CPU
		{D5208E7A-2205-4FB7-BA47-68144B2A28E3}.Debug|iPhone.ActiveCfg = Debug|Any CPU
		{D5208E7A-2205-4FB7-BA47-68144B2A28E3}.Debug|iPhone.Build.0 = Debug|Any CPU
		{D5208E7A-2205-4FB7-BA47-68144B2A28E3}.Debug|iPhoneSimulator.ActiveCfg = Debug|Any CPU
		{D5208E7A-2205-4FB7-BA47-68144B2A28E3}.Debug|iPhoneSimulator.Build.0 = Debug|Any CPU
		{D5208E7A-2205-4FB7-BA47-68144B2A28E3}.Release|Any CPU.ActiveCfg = Release|Any CPU
		{D5208E7A-2205-4FB7-BA47-68144B2A28E3}.Release|Any CPU.Build.0 = Release|Any CPU
		{D5208E7A-2205-4FB7-BA47-68144B2A28E3}.Release|iPhone.ActiveCfg = Release|Any CPU
		{D5208E7A-2205-4FB7-BA47-68144B2A28E3}.Release|iPhone.Build.0 = Release|Any CPU
		{D5208E7A-2205-4FB7-BA47-68144B2A28E3}.Release|iPhoneSimulator.ActiveCfg = Release|Any CPU
		{D5208E7A-2205-4FB7-BA47-68144B2A28E3}.Release|iPhoneSimulator.Build.0 = Release|Any CPU
		{91BD2F19-A1E6-499C-92A2-1EBD156F3E9B}.Debug|Any CPU.ActiveCfg = Debug|Any CPU
		{91BD2F19-A1E6-499C-92A2-1EBD156F3E9B}.Debug|Any CPU.Build.0 = Debug|Any CPU
		{91BD2F19-A1E6-499C-92A2-1EBD156F3E9B}.Debug|iPhone.ActiveCfg = Debug|Any CPU
		{91BD2F19-A1E6-499C-92A2-1EBD156F3E9B}.Debug|iPhone.Build.0 = Debug|Any CPU
		{91BD2F19-A1E6-499C-92A2-1EBD156F3E9B}.Debug|iPhoneSimulator.ActiveCfg = Debug|Any CPU
		{91BD2F19-A1E6-499C-92A2-1EBD156F3E9B}.Debug|iPhoneSimulator.Build.0 = Debug|Any CPU
		{91BD2F19-A1E6-499C-92A2-1EBD156F3E9B}.Release|Any CPU.ActiveCfg = Release|Any CPU
		{91BD2F19-A1E6-499C-92A2-1EBD156F3E9B}.Release|Any CPU.Build.0 = Release|Any CPU
		{91BD2F19-A1E6-499C-92A2-1EBD156F3E9B}.Release|iPhone.ActiveCfg = Release|Any CPU
		{91BD2F19-A1E6-499C-92A2-1EBD156F3E9B}.Release|iPhone.Build.0 = Release|Any CPU
		{91BD2F19-A1E6-499C-92A2-1EBD156F3E9B}.Release|iPhoneSimulator.ActiveCfg = Release|Any CPU
		{91BD2F19-A1E6-499C-92A2-1EBD156F3E9B}.Release|iPhoneSimulator.Build.0 = Release|Any CPU
		{03A74248-E1D1-48BE-ABB6-2A4FCA09AA38}.Debug|Any CPU.ActiveCfg = Debug|Any CPU
		{03A74248-E1D1-48BE-ABB6-2A4FCA09AA38}.Debug|Any CPU.Build.0 = Debug|Any CPU
		{03A74248-E1D1-48BE-ABB6-2A4FCA09AA38}.Debug|iPhone.ActiveCfg = Debug|Any CPU
		{03A74248-E1D1-48BE-ABB6-2A4FCA09AA38}.Debug|iPhone.Build.0 = Debug|Any CPU
		{03A74248-E1D1-48BE-ABB6-2A4FCA09AA38}.Debug|iPhoneSimulator.ActiveCfg = Debug|Any CPU
		{03A74248-E1D1-48BE-ABB6-2A4FCA09AA38}.Debug|iPhoneSimulator.Build.0 = Debug|Any CPU
		{03A74248-E1D1-48BE-ABB6-2A4FCA09AA38}.Release|Any CPU.ActiveCfg = Release|Any CPU
		{03A74248-E1D1-48BE-ABB6-2A4FCA09AA38}.Release|Any CPU.Build.0 = Release|Any CPU
		{03A74248-E1D1-48BE-ABB6-2A4FCA09AA38}.Release|iPhone.ActiveCfg = Release|Any CPU
		{03A74248-E1D1-48BE-ABB6-2A4FCA09AA38}.Release|iPhone.Build.0 = Release|Any CPU
		{03A74248-E1D1-48BE-ABB6-2A4FCA09AA38}.Release|iPhoneSimulator.ActiveCfg = Release|Any CPU
		{03A74248-E1D1-48BE-ABB6-2A4FCA09AA38}.Release|iPhoneSimulator.Build.0 = Release|Any CPU
		{3D00FF92-DC5B-46EC-81BA-9BDF74B5C200}.Debug|Any CPU.ActiveCfg = Debug|Any CPU
		{3D00FF92-DC5B-46EC-81BA-9BDF74B5C200}.Debug|Any CPU.Build.0 = Debug|Any CPU
		{3D00FF92-DC5B-46EC-81BA-9BDF74B5C200}.Debug|iPhone.ActiveCfg = Debug|Any CPU
		{3D00FF92-DC5B-46EC-81BA-9BDF74B5C200}.Debug|iPhone.Build.0 = Debug|Any CPU
		{3D00FF92-DC5B-46EC-81BA-9BDF74B5C200}.Debug|iPhoneSimulator.ActiveCfg = Debug|Any CPU
		{3D00FF92-DC5B-46EC-81BA-9BDF74B5C200}.Debug|iPhoneSimulator.Build.0 = Debug|Any CPU
		{3D00FF92-DC5B-46EC-81BA-9BDF74B5C200}.Release|Any CPU.ActiveCfg = Release|Any CPU
		{3D00FF92-DC5B-46EC-81BA-9BDF74B5C200}.Release|Any CPU.Build.0 = Release|Any CPU
		{3D00FF92-DC5B-46EC-81BA-9BDF74B5C200}.Release|iPhone.ActiveCfg = Release|Any CPU
		{3D00FF92-DC5B-46EC-81BA-9BDF74B5C200}.Release|iPhone.Build.0 = Release|Any CPU
		{3D00FF92-DC5B-46EC-81BA-9BDF74B5C200}.Release|iPhoneSimulator.ActiveCfg = Release|Any CPU
		{3D00FF92-DC5B-46EC-81BA-9BDF74B5C200}.Release|iPhoneSimulator.Build.0 = Release|Any CPU
		{71476DBF-EBD3-4251-A843-53746C0D6D62}.Debug|Any CPU.ActiveCfg = Debug|Any CPU
		{71476DBF-EBD3-4251-A843-53746C0D6D62}.Debug|Any CPU.Build.0 = Debug|Any CPU
		{71476DBF-EBD3-4251-A843-53746C0D6D62}.Debug|iPhone.ActiveCfg = Debug|Any CPU
		{71476DBF-EBD3-4251-A843-53746C0D6D62}.Debug|iPhone.Build.0 = Debug|Any CPU
		{71476DBF-EBD3-4251-A843-53746C0D6D62}.Debug|iPhoneSimulator.ActiveCfg = Debug|Any CPU
		{71476DBF-EBD3-4251-A843-53746C0D6D62}.Debug|iPhoneSimulator.Build.0 = Debug|Any CPU
		{71476DBF-EBD3-4251-A843-53746C0D6D62}.Release|Any CPU.ActiveCfg = Release|Any CPU
		{71476DBF-EBD3-4251-A843-53746C0D6D62}.Release|Any CPU.Build.0 = Release|Any CPU
		{71476DBF-EBD3-4251-A843-53746C0D6D62}.Release|iPhone.ActiveCfg = Release|Any CPU
		{71476DBF-EBD3-4251-A843-53746C0D6D62}.Release|iPhone.Build.0 = Release|Any CPU
		{71476DBF-EBD3-4251-A843-53746C0D6D62}.Release|iPhoneSimulator.ActiveCfg = Release|Any CPU
		{71476DBF-EBD3-4251-A843-53746C0D6D62}.Release|iPhoneSimulator.Build.0 = Release|Any CPU
		{43642D4F-4872-4069-A247-1990946CABC5}.Debug|Any CPU.ActiveCfg = Debug|Any CPU
		{43642D4F-4872-4069-A247-1990946CABC5}.Debug|Any CPU.Build.0 = Debug|Any CPU
		{43642D4F-4872-4069-A247-1990946CABC5}.Debug|iPhone.ActiveCfg = Debug|Any CPU
		{43642D4F-4872-4069-A247-1990946CABC5}.Debug|iPhone.Build.0 = Debug|Any CPU
		{43642D4F-4872-4069-A247-1990946CABC5}.Debug|iPhoneSimulator.ActiveCfg = Debug|Any CPU
		{43642D4F-4872-4069-A247-1990946CABC5}.Debug|iPhoneSimulator.Build.0 = Debug|Any CPU
		{43642D4F-4872-4069-A247-1990946CABC5}.Release|Any CPU.ActiveCfg = Release|Any CPU
		{43642D4F-4872-4069-A247-1990946CABC5}.Release|Any CPU.Build.0 = Release|Any CPU
		{43642D4F-4872-4069-A247-1990946CABC5}.Release|iPhone.ActiveCfg = Release|Any CPU
		{43642D4F-4872-4069-A247-1990946CABC5}.Release|iPhone.Build.0 = Release|Any CPU
		{43642D4F-4872-4069-A247-1990946CABC5}.Release|iPhoneSimulator.ActiveCfg = Release|Any CPU
		{43642D4F-4872-4069-A247-1990946CABC5}.Release|iPhoneSimulator.Build.0 = Release|Any CPU
		{EFCCFD07-EA96-4A8C-A036-449C09696C14}.Debug|Any CPU.ActiveCfg = Debug|Any CPU
		{EFCCFD07-EA96-4A8C-A036-449C09696C14}.Debug|Any CPU.Build.0 = Debug|Any CPU
		{EFCCFD07-EA96-4A8C-A036-449C09696C14}.Debug|iPhone.ActiveCfg = Debug|Any CPU
		{EFCCFD07-EA96-4A8C-A036-449C09696C14}.Debug|iPhone.Build.0 = Debug|Any CPU
		{EFCCFD07-EA96-4A8C-A036-449C09696C14}.Debug|iPhoneSimulator.ActiveCfg = Debug|Any CPU
		{EFCCFD07-EA96-4A8C-A036-449C09696C14}.Debug|iPhoneSimulator.Build.0 = Debug|Any CPU
		{EFCCFD07-EA96-4A8C-A036-449C09696C14}.Release|Any CPU.ActiveCfg = Release|Any CPU
		{EFCCFD07-EA96-4A8C-A036-449C09696C14}.Release|Any CPU.Build.0 = Release|Any CPU
		{EFCCFD07-EA96-4A8C-A036-449C09696C14}.Release|iPhone.ActiveCfg = Release|Any CPU
		{EFCCFD07-EA96-4A8C-A036-449C09696C14}.Release|iPhone.Build.0 = Release|Any CPU
		{EFCCFD07-EA96-4A8C-A036-449C09696C14}.Release|iPhoneSimulator.ActiveCfg = Release|Any CPU
		{EFCCFD07-EA96-4A8C-A036-449C09696C14}.Release|iPhoneSimulator.Build.0 = Release|Any CPU
		{A297C503-9D16-4C95-A201-2AD5597D7505}.Debug|Any CPU.ActiveCfg = Debug|Any CPU
		{A297C503-9D16-4C95-A201-2AD5597D7505}.Debug|Any CPU.Build.0 = Debug|Any CPU
		{A297C503-9D16-4C95-A201-2AD5597D7505}.Debug|iPhone.ActiveCfg = Debug|Any CPU
		{A297C503-9D16-4C95-A201-2AD5597D7505}.Debug|iPhone.Build.0 = Debug|Any CPU
		{A297C503-9D16-4C95-A201-2AD5597D7505}.Debug|iPhoneSimulator.ActiveCfg = Debug|Any CPU
		{A297C503-9D16-4C95-A201-2AD5597D7505}.Debug|iPhoneSimulator.Build.0 = Debug|Any CPU
		{A297C503-9D16-4C95-A201-2AD5597D7505}.Release|Any CPU.ActiveCfg = Release|Any CPU
		{A297C503-9D16-4C95-A201-2AD5597D7505}.Release|Any CPU.Build.0 = Release|Any CPU
		{A297C503-9D16-4C95-A201-2AD5597D7505}.Release|iPhone.ActiveCfg = Release|Any CPU
		{A297C503-9D16-4C95-A201-2AD5597D7505}.Release|iPhone.Build.0 = Release|Any CPU
		{A297C503-9D16-4C95-A201-2AD5597D7505}.Release|iPhoneSimulator.ActiveCfg = Release|Any CPU
		{A297C503-9D16-4C95-A201-2AD5597D7505}.Release|iPhoneSimulator.Build.0 = Release|Any CPU
		{796CA448-1079-4195-A794-236CC526B975}.Debug|Any CPU.ActiveCfg = Debug|Any CPU
		{796CA448-1079-4195-A794-236CC526B975}.Debug|Any CPU.Build.0 = Debug|Any CPU
		{796CA448-1079-4195-A794-236CC526B975}.Debug|iPhone.ActiveCfg = Debug|Any CPU
		{796CA448-1079-4195-A794-236CC526B975}.Debug|iPhone.Build.0 = Debug|Any CPU
		{796CA448-1079-4195-A794-236CC526B975}.Debug|iPhoneSimulator.ActiveCfg = Debug|Any CPU
		{796CA448-1079-4195-A794-236CC526B975}.Debug|iPhoneSimulator.Build.0 = Debug|Any CPU
		{796CA448-1079-4195-A794-236CC526B975}.Release|Any CPU.ActiveCfg = Release|Any CPU
		{796CA448-1079-4195-A794-236CC526B975}.Release|Any CPU.Build.0 = Release|Any CPU
		{796CA448-1079-4195-A794-236CC526B975}.Release|iPhone.ActiveCfg = Release|Any CPU
		{796CA448-1079-4195-A794-236CC526B975}.Release|iPhone.Build.0 = Release|Any CPU
		{796CA448-1079-4195-A794-236CC526B975}.Release|iPhoneSimulator.ActiveCfg = Release|Any CPU
		{796CA448-1079-4195-A794-236CC526B975}.Release|iPhoneSimulator.Build.0 = Release|Any CPU
		{67961A75-A484-4875-B693-29CFE771183B}.Debug|Any CPU.ActiveCfg = Debug|Any CPU
		{67961A75-A484-4875-B693-29CFE771183B}.Debug|Any CPU.Build.0 = Debug|Any CPU
		{67961A75-A484-4875-B693-29CFE771183B}.Debug|iPhone.ActiveCfg = Debug|Any CPU
		{67961A75-A484-4875-B693-29CFE771183B}.Debug|iPhone.Build.0 = Debug|Any CPU
		{67961A75-A484-4875-B693-29CFE771183B}.Debug|iPhoneSimulator.ActiveCfg = Debug|Any CPU
		{67961A75-A484-4875-B693-29CFE771183B}.Debug|iPhoneSimulator.Build.0 = Debug|Any CPU
		{67961A75-A484-4875-B693-29CFE771183B}.Release|Any CPU.ActiveCfg = Release|Any CPU
		{67961A75-A484-4875-B693-29CFE771183B}.Release|Any CPU.Build.0 = Release|Any CPU
		{67961A75-A484-4875-B693-29CFE771183B}.Release|iPhone.ActiveCfg = Release|Any CPU
		{67961A75-A484-4875-B693-29CFE771183B}.Release|iPhone.Build.0 = Release|Any CPU
		{67961A75-A484-4875-B693-29CFE771183B}.Release|iPhoneSimulator.ActiveCfg = Release|Any CPU
		{67961A75-A484-4875-B693-29CFE771183B}.Release|iPhoneSimulator.Build.0 = Release|Any CPU
	EndGlobalSection
	GlobalSection(SolutionProperties) = preSolution
		HideSolutionNode = FALSE
	EndGlobalSection
	GlobalSection(NestedProjects) = preSolution
		{795A0791-D7A1-4CE1-96B7-B322DDBE5D05} = {FFDDE889-311B-4EC1-AB73-8110A94B2BCA}
		{33194845-24DA-4DE7-B931-5C779FBDBB7D} = {FFDDE889-311B-4EC1-AB73-8110A94B2BCA}
		{B0A2BA5D-A828-46FA-B104-FB17D0A1B93A} = {33194845-24DA-4DE7-B931-5C779FBDBB7D}
		{FFDDE889-311B-4EC1-AB73-8110A94B2BCA} = {86FEF1F0-B1C1-4FD9-A889-01DCF0308F8E}
		{9A5E037C-46E9-46FE-A819-6C9ED97DE434} = {FFDDE889-311B-4EC1-AB73-8110A94B2BCA}
		{98C4B851-5DA5-4FDB-976B-4D480CF073DD} = {411904F4-BF64-4B2F-8BBB-8BC01984E04C}
		{411904F4-BF64-4B2F-8BBB-8BC01984E04C} = {86FEF1F0-B1C1-4FD9-A889-01DCF0308F8E}
		{E60F7954-20EB-457A-9DEC-CFE224542BB3} = {86FEF1F0-B1C1-4FD9-A889-01DCF0308F8E}
		{670A9C34-9414-42E6-9CC3-97F3D0A3BADA} = {9FF60EE2-9CD2-466D-9BBC-C62D570AB718}
		{93AD64E1-B92E-4EAE-AFA0-89A87A4985D8} = {58D1F556-66EF-4050-8EAE-48A84AF412A1}
		{C4319365-78B6-4F16-82A0-BB6E4D2DF7BD} = {58D1F556-66EF-4050-8EAE-48A84AF412A1}
		{58D1F556-66EF-4050-8EAE-48A84AF412A1} = {9FF60EE2-9CD2-466D-9BBC-C62D570AB718}
		{9607DC24-BD22-4CBD-93C8-7FE309E902F2} = {58D1F556-66EF-4050-8EAE-48A84AF412A1}
		{ABAABA6E-25B3-42DC-A271-49987E6BAFFB} = {9FF60EE2-9CD2-466D-9BBC-C62D570AB718}
		{ED7D600B-466C-4E3C-82B8-4616757A7FC6} = {ABAABA6E-25B3-42DC-A271-49987E6BAFFB}
		{990DB875-0930-4694-85D4-487F73A46F33} = {58D1F556-66EF-4050-8EAE-48A84AF412A1}
		{9FF60EE2-9CD2-466D-9BBC-C62D570AB718} = {1A2F9B23-9E9A-4C7C-AF6B-EFC33FD9EBA0}
		{EA2B2C3F-2B6C-4044-880D-D16509C11151} = {1A2F9B23-9E9A-4C7C-AF6B-EFC33FD9EBA0}
		{BDB72C93-8A30-4094-8EE3-4331CFF766B9} = {EA2B2C3F-2B6C-4044-880D-D16509C11151}
		{C5E67590-BFA9-49F3-88FE-BBC1003E80CA} = {EA2B2C3F-2B6C-4044-880D-D16509C11151}
		{9D3F15B3-0978-487D-96E8-FAA2DDF9E41C} = {EA2B2C3F-2B6C-4044-880D-D16509C11151}
		{A381579A-BC71-4796-97B0-9B86E595D6FC} = {EA2B2C3F-2B6C-4044-880D-D16509C11151}
		{1FC9E357-ABF0-4330-A787-D9CEF0D14652} = {EA2B2C3F-2B6C-4044-880D-D16509C11151}
		{34EBEEB5-E738-4BD7-85B5-DA726739E0E4} = {EA2B2C3F-2B6C-4044-880D-D16509C11151}
		{5C7B6377-BAD8-4849-949B-E1DD3E3F9F15} = {EA2B2C3F-2B6C-4044-880D-D16509C11151}
		{4CF54648-9FEE-41BB-A9D3-18E75312A490} = {56C973F0-D59D-4364-82C5-89128776786E}
		{86FEF1F0-B1C1-4FD9-A889-01DCF0308F8E} = {56C973F0-D59D-4364-82C5-89128776786E}
		{88B40C77-4FF9-4FBD-AE65-3A6317726ED5} = {4CF54648-9FEE-41BB-A9D3-18E75312A490}
		{D5208E7A-2205-4FB7-BA47-68144B2A28E3} = {88B40C77-4FF9-4FBD-AE65-3A6317726ED5}
		{9935BD99-20A7-4658-B09E-888A2167889B} = {4CF54648-9FEE-41BB-A9D3-18E75312A490}
		{91BD2F19-A1E6-499C-92A2-1EBD156F3E9B} = {9935BD99-20A7-4658-B09E-888A2167889B}
		{03A74248-E1D1-48BE-ABB6-2A4FCA09AA38} = {9935BD99-20A7-4658-B09E-888A2167889B}
		{3D00FF92-DC5B-46EC-81BA-9BDF74B5C200} = {9935BD99-20A7-4658-B09E-888A2167889B}
		{71476DBF-EBD3-4251-A843-53746C0D6D62} = {88B40C77-4FF9-4FBD-AE65-3A6317726ED5}
		{43642D4F-4872-4069-A247-1990946CABC5} = {9935BD99-20A7-4658-B09E-888A2167889B}
		{FA49F0F9-294A-4C72-85C8-9E8375500EB0} = {4CF54648-9FEE-41BB-A9D3-18E75312A490}
		{EFCCFD07-EA96-4A8C-A036-449C09696C14} = {FA49F0F9-294A-4C72-85C8-9E8375500EB0}
		{A297C503-9D16-4C95-A201-2AD5597D7505} = {FA49F0F9-294A-4C72-85C8-9E8375500EB0}
		{FCF23DFA-3A1F-4DA0-98B1-D74D9ABC9744} = {EA2B2C3F-2B6C-4044-880D-D16509C11151}
		{796CA448-1079-4195-A794-236CC526B975} = {FCF23DFA-3A1F-4DA0-98B1-D74D9ABC9744}
		{79D9F528-07C0-4577-A790-75EC6EFE7E50} = {EA2B2C3F-2B6C-4044-880D-D16509C11151}
		{67961A75-A484-4875-B693-29CFE771183B} = {79D9F528-07C0-4577-A790-75EC6EFE7E50}
	EndGlobalSection
	GlobalSection(ExtensibilityGlobals) = postSolution
		SolutionGuid = {D5FF6B21-B981-42E6-89C1-D5C6F90D2989}
	EndGlobalSection
EndGlobal
